
Microsoft Visual Studio Solution File, Format Version 12.00
# Visual Studio Version 17
VisualStudioVersion = 17.5.002.0
MinimumVisualStudioVersion = 10.0.40219.1
Project("{9A19103F-16F7-4668-BE54-9A1E7A4F7556}") = "numerosAmistosos", "numerosAmistosos.csproj", "{06F79976-5E9F-4CE9-BE75-7B3A0F319D40}"
EndProject
Global
	GlobalSection(SolutionConfigurationPlatforms) = preSolution
		Debug|Any CPU = Debug|Any CPU
		Release|Any CPU = Release|Any CPU
	EndGlobalSection
	GlobalSection(ProjectConfigurationPlatforms) = postSolution
		{06F79976-5E9F-4CE9-BE75-7B3A0F319D40}.Debug|Any CPU.ActiveCfg = Debug|Any CPU
		{06F79976-5E9F-4CE9-BE75-7B3A0F319D40}.Debug|Any CPU.Build.0 = Debug|Any CPU
		{06F79976-5E9F-4CE9-BE75-7B3A0F319D40}.Release|Any CPU.ActiveCfg = Release|Any CPU
		{06F79976-5E9F-4CE9-BE75-7B3A0F319D40}.Release|Any CPU.Build.0 = Release|Any CPU
	EndGlobalSection
	GlobalSection(SolutionProperties) = preSolution
		HideSolutionNode = FALSE
	EndGlobalSection
	GlobalSection(ExtensibilityGlobals) = postSolution
		SolutionGuid = {410791D3-5AD2-45D5-88B7-323AE93E92AA}
	EndGlobalSection
EndGlobal
